speakeasyVersion: 1.463.1
sources:
    atoma-proxy:
        sourceNamespace: atoma-proxy
        sourceRevisionDigest: sha256:ecc8bb46f65bcddd8c4e00e5857c953ac81ad971c2af886ce3e1a3aada3a3009
        sourceBlobDigest: sha256:9a831101cef0aa05cff9921e5657d5ad913ed712326f54e0a55fc7eef6cbb4fe
        tags:
            - latest
            - 0.1.0
targets:
    atoma-sdk:
        source: atoma-proxy
        sourceNamespace: atoma-proxy
        sourceRevisionDigest: sha256:ecc8bb46f65bcddd8c4e00e5857c953ac81ad971c2af886ce3e1a3aada3a3009
        sourceBlobDigest: sha256:9a831101cef0aa05cff9921e5657d5ad913ed712326f54e0a55fc7eef6cbb4fe
        codeSamplesNamespace: atoma-proxy-typescript-code-samples
        codeSamplesRevisionDigest: sha256:2a236d1e2e87a0cb7c21a92f690cbb6a0ab883508a3fab9aaaf3906a4bb9082a
workflow:
    workflowVersion: 1.0.0
    speakeasyVersion: latest
    sources:
        atoma-proxy:
            inputs:
                - location: ../atoma-proxy/atoma-proxy/docs/openapi.yml
            registry:
                location: registry.speakeasyapi.dev/atoma/atoma-sdk/atoma-proxy
    targets:
        atoma-sdk:
            target: typescript
            source: atoma-proxy
            codeSamples:
                registry:
                    location: registry.speakeasyapi.dev/atoma/atoma-sdk/atoma-proxy-typescript-code-samples
                labelOverride:
                    fixedValue: Typescript (SDK)
                blocking: false
