speakeasyVersion: 1.463.1
sources:
    atoma-proxy:
        sourceNamespace: atoma-proxy
        sourceRevisionDigest: sha256:772fe1fe9286225df97dff5fe3138b7ff8061b8c1d16047566b4096d48ac4d9a
        sourceBlobDigest: sha256:9a831101cef0aa05cff9921e5657d5ad913ed712326f54e0a55fc7eef6cbb4fe
        tags:
            - latest
            - 0.1.0
targets:
    atoma-sdk:
        source: atoma-proxy
        sourceNamespace: atoma-proxy
        sourceRevisionDigest: sha256:772fe1fe9286225df97dff5fe3138b7ff8061b8c1d16047566b4096d48ac4d9a
        sourceBlobDigest: sha256:9a831101cef0aa05cff9921e5657d5ad913ed712326f54e0a55fc7eef6cbb4fe
        codeSamplesNamespace: atoma-proxy-typescript-code-samples
        codeSamplesRevisionDigest: sha256:3a264998270d9b4c3ae5ffb133f4c9f737e3cde7a665e1dec9de27ba4d1c90e4
workflow:
    workflowVersion: 1.0.0
    speakeasyVersion: latest
    sources:
        atoma-proxy:
            inputs:
                - location: ../atoma-proxy/atoma-proxy/docs/openapi.yml
            registry:
                location: registry.speakeasyapi.dev/atoma/atoma-sdk/atoma-proxy
    targets:
        atoma-sdk:
            target: typescript
            source: atoma-proxy
            codeSamples:
                registry:
                    location: registry.speakeasyapi.dev/atoma/atoma-sdk/atoma-proxy-typescript-code-samples
                labelOverride:
                    fixedValue: Typescript (SDK)
                blocking: false
