speakeasyVersion: 1.463.1
sources:
    atoma-proxy:
        sourceNamespace: atoma-proxy
        sourceRevisionDigest: sha256:ba958b8cfabe6031758386205ee069373bee09491056d0a30d66a62d221da472
        sourceBlobDigest: sha256:9a831101cef0aa05cff9921e5657d5ad913ed712326f54e0a55fc7eef6cbb4fe
        tags:
            - latest
            - 0.1.0
targets:
    atoma-sdk:
        source: atoma-proxy
        sourceNamespace: atoma-proxy
        sourceRevisionDigest: sha256:ba958b8cfabe6031758386205ee069373bee09491056d0a30d66a62d221da472
        sourceBlobDigest: sha256:9a831101cef0aa05cff9921e5657d5ad913ed712326f54e0a55fc7eef6cbb4fe
        codeSamplesNamespace: atoma-proxy-typescript-code-samples
        codeSamplesRevisionDigest: sha256:acb5866cd7da53db2274bde409c4b5aa00cff69bde98910b62275aa3e0f7646e
workflow:
    workflowVersion: 1.0.0
    speakeasyVersion: latest
    sources:
        atoma-proxy:
            inputs:
                - location: ../atoma-proxy/atoma-proxy/docs/openapi.yml
            registry:
                location: registry.speakeasyapi.dev/atoma/atoma-sdk/atoma-proxy
    targets:
        atoma-sdk:
            target: typescript
            source: atoma-proxy
            codeSamples:
                registry:
                    location: registry.speakeasyapi.dev/atoma/atoma-sdk/atoma-proxy-typescript-code-samples
                labelOverride:
                    fixedValue: Typescript (SDK)
                blocking: false
